// !$*UTF8*$!
{
	archiveVersion = 1;
	classes = {
	};
	objectVersion = 50;
	objects = {

/* Begin PBXBuildFile section */
		671C8A4822748A0E00F8314A /* Stack.swift in Sources */ = {isa = PBXBuildFile; fileRef = 671C8A4722748A0E00F8314A /* Stack.swift */; };
		67A25B132275F7710079704B /* Extensions.swift in Sources */ = {isa = PBXBuildFile; fileRef = 67A25B122275F7710079704B /* Extensions.swift */; };
		67B2DC7B2270EE8A001AA2E6 /* AppDelegate.swift in Sources */ = {isa = PBXBuildFile; fileRef = 67B2DC7A2270EE8A001AA2E6 /* AppDelegate.swift */; };
		67B2DC7D2270EE8A001AA2E6 /* ViewController.swift in Sources */ = {isa = PBXBuildFile; fileRef = 67B2DC7C2270EE8A001AA2E6 /* ViewController.swift */; };
		67B2DC802270EE8A001AA2E6 /* Main.storyboard in Resources */ = {isa = PBXBuildFile; fileRef = 67B2DC7E2270EE8A001AA2E6 /* Main.storyboard */; };
		67B2DC832270EE8A001AA2E6 /* MoneyBalance.xcdatamodeld in Sources */ = {isa = PBXBuildFile; fileRef = 67B2DC812270EE8A001AA2E6 /* MoneyBalance.xcdatamodeld */; };
		67B2DC852270EE8C001AA2E6 /* Assets.xcassets in Resources */ = {isa = PBXBuildFile; fileRef = 67B2DC842270EE8C001AA2E6 /* Assets.xcassets */; };
		67B2DC882270EE8C001AA2E6 /* LaunchScreen.storyboard in Resources */ = {isa = PBXBuildFile; fileRef = 67B2DC862270EE8C001AA2E6 /* LaunchScreen.storyboard */; };
		67B2DC922270F8AD001AA2E6 /* spendingsCell.swift in Sources */ = {isa = PBXBuildFile; fileRef = 67B2DC912270F8AD001AA2E6 /* spendingsCell.swift */; };
		67B2DC9422710169001AA2E6 /* LocalProvider.swift in Sources */ = {isa = PBXBuildFile; fileRef = 67B2DC9322710169001AA2E6 /* LocalProvider.swift */; };
		67E007FB22894C0900074086 /* ChartViewController.swift in Sources */ = {isa = PBXBuildFile; fileRef = 67E007FA22894C0900074086 /* ChartViewController.swift */; };
		875C0FAB929066EE51AAA8FF /* Pods_MoneyBalance.framework in Frameworks */ = {isa = PBXBuildFile; fileRef = 0B6DEFEEF58858A4DBE9A774 /* Pods_MoneyBalance.framework */; };
/* End PBXBuildFile section */

/* Begin PBXFileReference section */
		0B6DEFEEF58858A4DBE9A774 /* Pods_MoneyBalance.framework */ = {isa = PBXFileReference; explicitFileType = wrapper.framework; includeInIndex = 0; path = Pods_MoneyBalance.framework; sourceTree = BUILT_PRODUCTS_DIR; };
		5BD0AAE2A8EED1FA6CBCCD0F /* Pods-MoneyBalance.debug.xcconfig */ = {isa = PBXFileReference; includeInIndex = 1; lastKnownFileType = text.xcconfig; name = "Pods-MoneyBalance.debug.xcconfig"; path = "Pods/Target Support Files/Pods-MoneyBalance/Pods-MoneyBalance.debug.xcconfig"; sourceTree = "<group>"; };
		671C8A4722748A0E00F8314A /* Stack.swift */ = {isa = PBXFileReference; lastKnownFileType = sourcecode.swift; path = Stack.swift; sourceTree = "<group>"; };
		67A25B122275F7710079704B /* Extensions.swift */ = {isa = PBXFileReference; lastKnownFileType = sourcecode.swift; path = Extensions.swift; sourceTree = "<group>"; };
		67B2DC772270EE8A001AA2E6 /* MoneyBalance.app */ = {isa = PBXFileReference; explicitFileType = wrapper.application; includeInIndex = 0; path = MoneyBalance.app; sourceTree = BUILT_PRODUCTS_DIR; };
		67B2DC7A2270EE8A001AA2E6 /* AppDelegate.swift */ = {isa = PBXFileReference; lastKnownFileType = sourcecode.swift; path = AppDelegate.swift; sourceTree = "<group>"; };
		67B2DC7C2270EE8A001AA2E6 /* ViewController.swift */ = {isa = PBXFileReference; lastKnownFileType = sourcecode.swift; path = ViewController.swift; sourceTree = "<group>"; };
		67B2DC7F2270EE8A001AA2E6 /* Base */ = {isa = PBXFileReference; lastKnownFileType = file.storyboard; name = Base; path = Base.lproj/Main.storyboard; sourceTree = "<group>"; };
		67B2DC822270EE8A001AA2E6 /* MoneyBalance.xcdatamodel */ = {isa = PBXFileReference; lastKnownFileType = wrapper.xcdatamodel; path = MoneyBalance.xcdatamodel; sourceTree = "<group>"; };
		67B2DC842270EE8C001AA2E6 /* Assets.xcassets */ = {isa = PBXFileReference; lastKnownFileType = folder.assetcatalog; path = Assets.xcassets; sourceTree = "<group>"; };
		67B2DC872270EE8C001AA2E6 /* Base */ = {isa = PBXFileReference; lastKnownFileType = file.storyboard; name = Base; path = Base.lproj/LaunchScreen.storyboard; sourceTree = "<group>"; };
		67B2DC892270EE8C001AA2E6 /* Info.plist */ = {isa = PBXFileReference; lastKnownFileType = text.plist.xml; path = Info.plist; sourceTree = "<group>"; };
		67B2DC912270F8AD001AA2E6 /* spendingsCell.swift */ = {isa = PBXFileReference; lastKnownFileType = sourcecode.swift; path = spendingsCell.swift; sourceTree = "<group>"; };
		67B2DC9322710169001AA2E6 /* LocalProvider.swift */ = {isa = PBXFileReference; lastKnownFileType = sourcecode.swift; path = LocalProvider.swift; sourceTree = "<group>"; };
		67E007FA22894C0900074086 /* ChartViewController.swift */ = {isa = PBXFileReference; lastKnownFileType = sourcecode.swift; path = ChartViewController.swift; sourceTree = "<group>"; };
		A416B3E75430220BB9489762 /* Pods-MoneyBalance.release.xcconfig */ = {isa = PBXFileReference; includeInIndex = 1; lastKnownFileType = text.xcconfig; name = "Pods-MoneyBalance.release.xcconfig"; path = "Pods/Target Support Files/Pods-MoneyBalance/Pods-MoneyBalance.release.xcconfig"; sourceTree = "<group>"; };
/* End PBXFileReference section */

/* Begin PBXFrameworksBuildPhase section */
		67B2DC742270EE8A001AA2E6 /* Frameworks */ = {
			isa = PBXFrameworksBuildPhase;
			buildActionMask = 2147483647;
			files = (
				875C0FAB929066EE51AAA8FF /* Pods_MoneyBalance.framework in Frameworks */,
			);
			runOnlyForDeploymentPostprocessing = 0;
		};
/* End PBXFrameworksBuildPhase section */

/* Begin PBXGroup section */
		613792154C497220B36E536A /* Pods */ = {
			isa = PBXGroup;
			children = (
				5BD0AAE2A8EED1FA6CBCCD0F /* Pods-MoneyBalance.debug.xcconfig */,
				A416B3E75430220BB9489762 /* Pods-MoneyBalance.release.xcconfig */,
			);
			name = Pods;
			sourceTree = "<group>";
		};
		67B2DC6E2270EE8A001AA2E6 = {
			isa = PBXGroup;
			children = (
				67B2DC792270EE8A001AA2E6 /* MoneyBalance */,
				67B2DC782270EE8A001AA2E6 /* Products */,
				613792154C497220B36E536A /* Pods */,
				9C5EE1BFA1F4834D9A112C72 /* Frameworks */,
			);
			sourceTree = "<group>";
		};
		67B2DC782270EE8A001AA2E6 /* Products */ = {
			isa = PBXGroup;
			children = (
				67B2DC772270EE8A001AA2E6 /* MoneyBalance.app */,
			);
			name = Products;
			sourceTree = "<group>";
		};
		67B2DC792270EE8A001AA2E6 /* MoneyBalance */ = {
			isa = PBXGroup;
			children = (
				67B2DC7A2270EE8A001AA2E6 /* AppDelegate.swift */,
				67B2DC7C2270EE8A001AA2E6 /* ViewController.swift */,
				67A25B122275F7710079704B /* Extensions.swift */,
				67B2DC7E2270EE8A001AA2E6 /* Main.storyboard */,
				67B2DC842270EE8C001AA2E6 /* Assets.xcassets */,
				67B2DC862270EE8C001AA2E6 /* LaunchScreen.storyboard */,
				67B2DC892270EE8C001AA2E6 /* Info.plist */,
				67B2DC812270EE8A001AA2E6 /* MoneyBalance.xcdatamodeld */,
				67B2DC912270F8AD001AA2E6 /* spendingsCell.swift */,
				67B2DC9322710169001AA2E6 /* LocalProvider.swift */,
				671C8A4722748A0E00F8314A /* Stack.swift */,
				67E007FA22894C0900074086 /* ChartViewController.swift */,
			);
			path = MoneyBalance;
			sourceTree = "<group>";
		};
		9C5EE1BFA1F4834D9A112C72 /* Frameworks */ = {
			isa = PBXGroup;
			children = (
				0B6DEFEEF58858A4DBE9A774 /* Pods_MoneyBalance.framework */,
			);
			name = Frameworks;
			sourceTree = "<group>";
		};
/* End PBXGroup section */

/* Begin PBXNativeTarget section */
		67B2DC762270EE8A001AA2E6 /* MoneyBalance */ = {
			isa = PBXNativeTarget;
			buildConfigurationList = 67B2DC8C2270EE8C001AA2E6 /* Build configuration list for PBXNativeTarget "MoneyBalance" */;
			buildPhases = (
				1F2FF8E58A53FC604F5001D4 /* [CP] Check Pods Manifest.lock */,
				67B2DC732270EE8A001AA2E6 /* Sources */,
				67B2DC742270EE8A001AA2E6 /* Frameworks */,
				67B2DC752270EE8A001AA2E6 /* Resources */,
				B9503EFCEB6A8999B8791210 /* [CP] Embed Pods Frameworks */,
			);
			buildRules = (
			);
			dependencies = (
			);
			name = MoneyBalance;
			productName = MoneyBalance;
			productReference = 67B2DC772270EE8A001AA2E6 /* MoneyBalance.app */;
			productType = "com.apple.product-type.application";
		};
/* End PBXNativeTarget section */

/* Begin PBXProject section */
		67B2DC6F2270EE8A001AA2E6 /* Project object */ = {
			isa = PBXProject;
			attributes = {
				LastSwiftUpdateCheck = 1010;
				LastUpgradeCheck = 1010;
				ORGANIZATIONNAME = liza_kaganskaya;
				TargetAttributes = {
					67B2DC762270EE8A001AA2E6 = {
						CreatedOnToolsVersion = 10.1;
					};
				};
			};
			buildConfigurationList = 67B2DC722270EE8A001AA2E6 /* Build configuration list for PBXProject "MoneyBalance" */;
			compatibilityVersion = "Xcode 9.3";
			developmentRegion = en;
			hasScannedForEncodings = 0;
			knownRegions = (
				en,
				Base,
			);
			mainGroup = 67B2DC6E2270EE8A001AA2E6;
			productRefGroup = 67B2DC782270EE8A001AA2E6 /* Products */;
			projectDirPath = "";
			projectRoot = "";
			targets = (
				67B2DC762270EE8A001AA2E6 /* MoneyBalance */,
			);
		};
/* End PBXProject section */

/* Begin PBXResourcesBuildPhase section */
		67B2DC752270EE8A001AA2E6 /* Resources */ = {
			isa = PBXResourcesBuildPhase;
			buildActionMask = 2147483647;
			files = (
				67B2DC882270EE8C001AA2E6 /* LaunchScreen.storyboard in Resources */,
				67B2DC852270EE8C001AA2E6 /* Assets.xcassets in Resources */,
				67B2DC802270EE8A001AA2E6 /* Main.storyboard in Resources */,
			);
			runOnlyForDeploymentPostprocessing = 0;
		};
/* End PBXResourcesBuildPhase section */

/* Begin PBXShellScriptBuildPhase section */
		1F2FF8E58A53FC604F5001D4 /* [CP] Check Pods Manifest.lock */ = {
			isa = PBXShellScriptBuildPhase;
			buildActionMask = 2147483647;
			files = (
			);
			inputFileListPaths = (
			);
			inputPaths = (
				"${PODS_PODFILE_DIR_PATH}/Podfile.lock",
				"${PODS_ROOT}/Manifest.lock",
			);
			name = "[CP] Check Pods Manifest.lock";
			outputFileListPaths = (
			);
			outputPaths = (
				"$(DERIVED_FILE_DIR)/Pods-MoneyBalance-checkManifestLockResult.txt",
			);
			runOnlyForDeploymentPostprocessing = 0;
			shellPath = /bin/sh;
			shellScript = "diff \"${PODS_PODFILE_DIR_PATH}/Podfile.lock\" \"${PODS_ROOT}/Manifest.lock\" > /dev/null\nif [ $? != 0 ] ; then\n    # print error to STDERR\n    echo \"error: The sandbox is not in sync with the Podfile.lock. Run 'pod install' or update your CocoaPods installation.\" >&2\n    exit 1\nfi\n# This output is used by Xcode 'outputs' to avoid re-running this script phase.\necho \"SUCCESS\" > \"${SCRIPT_OUTPUT_FILE_0}\"\n";
			showEnvVarsInLog = 0;
		};
		B9503EFCEB6A8999B8791210 /* [CP] Embed Pods Frameworks */ = {
			isa = PBXShellScriptBuildPhase;
			buildActionMask = 2147483647;
			files = (
			);
			inputFileListPaths = (
			);
			inputPaths = (
				"${SRCROOT}/Pods/Target Support Files/Pods-MoneyBalance/Pods-MoneyBalance-frameworks.sh",
				"${BUILT_PRODUCTS_DIR}/Alamofire/Alamofire.framework",
				"${BUILT_PRODUCTS_DIR}/RxAtomic/RxAtomic.framework",
				"${BUILT_PRODUCTS_DIR}/RxCocoa/RxCocoa.framework",
				"${BUILT_PRODUCTS_DIR}/RxSwift/RxSwift.framework",
				"${BUILT_PRODUCTS_DIR}/SwiftChart/SwiftChart.framework",
				"${BUILT_PRODUCTS_DIR}/SwiftValidators/SwiftValidators.framework",
				"${BUILT_PRODUCTS_DIR}/SwiftyJSON/SwiftyJSON.framework",
				"${BUILT_PRODUCTS_DIR}/iOSDropDown/iOSDropDown.framework",
			);
			name = "[CP] Embed Pods Frameworks";
			outputFileListPaths = (
			);
			outputPaths = (
				"${TARGET_BUILD_DIR}/${FRAMEWORKS_FOLDER_PATH}/Alamofire.framework",
				"${TARGET_BUILD_DIR}/${FRAMEWORKS_FOLDER_PATH}/RxAtomic.framework",
				"${TARGET_BUILD_DIR}/${FRAMEWORKS_FOLDER_PATH}/RxCocoa.framework",
				"${TARGET_BUILD_DIR}/${FRAMEWORKS_FOLDER_PATH}/RxSwift.framework",
				"${TARGET_BUILD_DIR}/${FRAMEWORKS_FOLDER_PATH}/SwiftChart.framework",
				"${TARGET_BUILD_DIR}/${FRAMEWORKS_FOLDER_PATH}/SwiftValidators.framework",
				"${TARGET_BUILD_DIR}/${FRAMEWORKS_FOLDER_PATH}/SwiftyJSON.framework",
				"${TARGET_BUILD_DIR}/${FRAMEWORKS_FOLDER_PATH}/iOSDropDown.framework",
			);
			runOnlyForDeploymentPostprocessing = 0;
			shellPath = /bin/sh;
			shellScript = "\"${SRCROOT}/Pods/Target Support Files/Pods-MoneyBalance/Pods-MoneyBalance-frameworks.sh\"\n";
			showEnvVarsInLog = 0;
		};
/* End PBXShellScriptBuildPhase section */

/* Begin PBXSourcesBuildPhase section */
		67B2DC732270EE8A001AA2E6 /* Sources */ = {
			isa = PBXSourcesBuildPhase;
			buildActionMask = 2147483647;
			files = (
				67B2DC7D2270EE8A001AA2E6 /* ViewController.swift in Sources */,
				67B2DC922270F8AD001AA2E6 /* spendingsCell.swift in Sources */,
				67B2DC9422710169001AA2E6 /* LocalProvider.swift in Sources */,
				67B2DC7B2270EE8A001AA2E6 /* AppDelegate.swift in Sources */,
				671C8A4822748A0E00F8314A /* Stack.swift in Sources */,
				67E007FB22894C0900074086 /* ChartViewController.swift in Sources */,
				67B2DC832270EE8A001AA2E6 /* MoneyBalance.xcdatamodeld in Sources */,
				67A25B132275F7710079704B /* Extensions.swift in Sources */,
			);
			runOnlyForDeploymentPostprocessing = 0;
		};
/* End PBXSourcesBuildPhase section */

/* Begin PBXVariantGroup section */
		67B2DC7E2270EE8A001AA2E6 /* Main.storyboard */ = {
			isa = PBXVariantGroup;
			children = (
				67B2DC7F2270EE8A001AA2E6 /* Base */,
			);
			name = Main.storyboard;
			sourceTree = "<group>";
		};
		67B2DC862270EE8C001AA2E6 /* LaunchScreen.storyboard */ = {
			isa = PBXVariantGroup;
			children = (
				67B2DC872270EE8C001AA2E6 /* Base */,
			);
			name = LaunchScreen.storyboard;
			sourceTree = "<group>";
		};
/* End PBXVariantGroup section */

/* Begin XCBuildConfiguration section */
		67B2DC8A2270EE8C001AA2E6 /* Debug */ = {
			isa = XCBuildConfiguration;
			buildSettings = {
				ALWAYS_SEARCH_USER_PATHS = NO;
				CLANG_ANALYZER_NONNULL = YES;
				CLANG_ANALYZER_NUMBER_OBJECT_CONVERSION = YES_AGGRESSIVE;
				CLANG_CXX_LANGUAGE_STANDARD = "gnu++14";
				CLANG_CXX_LIBRARY = "libc++";
				CLANG_ENABLE_MODULES = YES;
				CLANG_ENABLE_OBJC_ARC = YES;
				CLANG_ENABLE_OBJC_WEAK = YES;
				CLANG_WARN_BLOCK_CAPTURE_AUTORELEASING = YES;
				CLANG_WARN_BOOL_CONVERSION = YES;
				CLANG_WARN_COMMA = YES;
				CLANG_WARN_CONSTANT_CONVERSION = YES;
				CLANG_WARN_DEPRECATED_OBJC_IMPLEMENTATIONS = YES;
				CLANG_WARN_DIRECT_OBJC_ISA_USAGE = YES_ERROR;
				CLANG_WARN_DOCUMENTATION_COMMENTS = YES;
				CLANG_WARN_EMPTY_BODY = YES;
				CLANG_WARN_ENUM_CONVERSION = YES;
				CLANG_WARN_INFINITE_RECURSION = YES;
				CLANG_WARN_INT_CONVERSION = YES;
				CLANG_WARN_NON_LITERAL_NULL_CONVERSION = YES;
				CLANG_WARN_OBJC_IMPLICIT_RETAIN_SELF = YES;
				CLANG_WARN_OBJC_LITERAL_CONVERSION = YES;
				CLANG_WARN_OBJC_ROOT_CLASS = YES_ERROR;
				CLANG_WARN_RANGE_LOOP_ANALYSIS = YES;
				CLANG_WARN_STRICT_PROTOTYPES = YES;
				CLANG_WARN_SUSPICIOUS_MOVE = YES;
				CLANG_WARN_UNGUARDED_AVAILABILITY = YES_AGGRESSIVE;
				CLANG_WARN_UNREACHABLE_CODE = YES;
				CLANG_WARN__DUPLICATE_METHOD_MATCH = YES;
				CODE_SIGN_IDENTITY = "iPhone Developer";
				COPY_PHASE_STRIP = NO;
				DEBUG_INFORMATION_FORMAT = dwarf;
				ENABLE_STRICT_OBJC_MSGSEND = YES;
				ENABLE_TESTABILITY = YES;
				GCC_C_LANGUAGE_STANDARD = gnu11;
				GCC_DYNAMIC_NO_PIC = NO;
				GCC_NO_COMMON_BLOCKS = YES;
				GCC_OPTIMIZATION_LEVEL = 0;
				GCC_PREPROCESSOR_DEFINITIONS = (
					"DEBUG=1",
					"$(inherited)",
				);
				GCC_WARN_64_TO_32_BIT_CONVERSION = YES;
				GCC_WARN_ABOUT_RETURN_TYPE = YES_ERROR;
				GCC_WARN_UNDECLARED_SELECTOR = YES;
				GCC_WARN_UNINITIALIZED_AUTOS = YES_AGGRESSIVE;
				GCC_WARN_UNUSED_FUNCTION = YES;
				GCC_WARN_UNUSED_VARIABLE = YES;
				IPHONEOS_DEPLOYMENT_TARGET = 12.1;
				MTL_ENABLE_DEBUG_INFO = INCLUDE_SOURCE;
				MTL_FAST_MATH = YES;
				ONLY_ACTIVE_ARCH = YES;
				SDKROOT = iphoneos;
				SWIFT_ACTIVE_COMPILATION_CONDITIONS = DEBUG;
				SWIFT_OPTIMIZATION_LEVEL = "-Onone";
			};
			name = Debug;
		};
		67B2DC8B2270EE8C001AA2E6 /* Release */ = {
			isa = XCBuildConfiguration;
			buildSettings = {
				ALWAYS_SEARCH_USER_PATHS = NO;
				CLANG_ANALYZER_NONNULL = YES;
				CLANG_ANALYZER_NUMBER_OBJECT_CONVERSION = YES_AGGRESSIVE;
				CLANG_CXX_LANGUAGE_STANDARD = "gnu++14";
				CLANG_CXX_LIBRARY = "libc++";
				CLANG_ENABLE_MODULES = YES;
				CLANG_ENABLE_OBJC_ARC = YES;
				CLANG_ENABLE_OBJC_WEAK = YES;
				CLANG_WARN_BLOCK_CAPTURE_AUTORELEASING = YES;
				CLANG_WARN_BOOL_CONVERSION = YES;
				CLANG_WARN_COMMA = YES;
				CLANG_WARN_CONSTANT_CONVERSION = YES;
				CLANG_WARN_DEPRECATED_OBJC_IMPLEMENTATIONS = YES;
				CLANG_WARN_DIRECT_OBJC_ISA_USAGE = YES_ERROR;
				CLANG_WARN_DOCUMENTATION_COMMENTS = YES;
				CLANG_WARN_EMPTY_BODY = YES;
				CLANG_WARN_ENUM_CONVERSION = YES;
				CLANG_WARN_INFINITE_RECURSION = YES;
				CLANG_WARN_INT_CONVERSION = YES;
				CLANG_WARN_NON_LITERAL_NULL_CONVERSION = YES;
				CLANG_WARN_OBJC_IMPLICIT_RETAIN_SELF = YES;
				CLANG_WARN_OBJC_LITERAL_CONVERSION = YES;
				CLANG_WARN_OBJC_ROOT_CLASS = YES_ERROR;
				CLANG_WARN_RANGE_LOOP_ANALYSIS = YES;
				CLANG_WARN_STRICT_PROTOTYPES = YES;
				CLANG_WARN_SUSPICIOUS_MOVE = YES;
				CLANG_WARN_UNGUARDED_AVAILABILITY = YES_AGGRESSIVE;
				CLANG_WARN_UNREACHABLE_CODE = YES;
				CLANG_WARN__DUPLICATE_METHOD_MATCH = YES;
				CODE_SIGN_IDENTITY = "iPhone Developer";
				COPY_PHASE_STRIP = NO;
				DEBUG_INFORMATION_FORMAT = "dwarf-with-dsym";
				ENABLE_NS_ASSERTIONS = NO;
				ENABLE_STRICT_OBJC_MSGSEND = YES;
				GCC_C_LANGUAGE_STANDARD = gnu11;
				GCC_NO_COMMON_BLOCKS = YES;
				GCC_WARN_64_TO_32_BIT_CONVERSION = YES;
				GCC_WARN_ABOUT_RETURN_TYPE = YES_ERROR;
				GCC_WARN_UNDECLARED_SELECTOR = YES;
				GCC_WARN_UNINITIALIZED_AUTOS = YES_AGGRESSIVE;
				GCC_WARN_UNUSED_FUNCTION = YES;
				GCC_WARN_UNUSED_VARIABLE = YES;
				IPHONEOS_DEPLOYMENT_TARGET = 12.1;
				MTL_ENABLE_DEBUG_INFO = NO;
				MTL_FAST_MATH = YES;
				SDKROOT = iphoneos;
				SWIFT_COMPILATION_MODE = wholemodule;
				SWIFT_OPTIMIZATION_LEVEL = "-O";
				VALIDATE_PRODUCT = YES;
			};
			name = Release;
		};
		67B2DC8D2270EE8C001AA2E6 /* Debug */ = {
			isa = XCBuildConfiguration;
			baseConfigurationReference = 5BD0AAE2A8EED1FA6CBCCD0F /* Pods-MoneyBalance.debug.xcconfig */;
			buildSettings = {
				ASSETCATALOG_COMPILER_APPICON_NAME = AppIcon;
				CODE_SIGN_STYLE = Automatic;
				INFOPLIST_FILE = MoneyBalance/Info.plist;
				LD_RUNPATH_SEARCH_PATHS = (
					"$(inherited)",
					"@executable_path/Frameworks",
				);
				PRODUCT_BUNDLE_IDENTIFIER = "liza-kaganskaya.MoneyBalance";
				PRODUCT_NAME = "$(TARGET_NAME)";
				SWIFT_VERSION = 4.2;
				TARGETED_DEVICE_FAMILY = "1,2";
			};
			name = Debug;
		};
		67B2DC8E2270EE8C001AA2E6 /* Release */ = {
			isa = XCBuildConfiguration;
			baseConfigurationReference = A416B3E75430220BB9489762 /* Pods-MoneyBalance.release.xcconfig */;
			buildSettings = {
				ASSETCATALOG_COMPILER_APPICON_NAME = AppIcon;
				CODE_SIGN_STYLE = Automatic;
				INFOPLIST_FILE = MoneyBalance/Info.plist;
				LD_RUNPATH_SEARCH_PATHS = (
					"$(inherited)",
					"@executable_path/Frameworks",
				);
				PRODUCT_BUNDLE_IDENTIFIER = "liza-kaganskaya.MoneyBalance";
				PRODUCT_NAME = "$(TARGET_NAME)";
				SWIFT_VERSION = 4.2;
				TARGETED_DEVICE_FAMILY = "1,2";
			};
			name = Release;
		};
/* End XCBuildConfiguration section */

/* Begin XCConfigurationList section */
		67B2DC722270EE8A001AA2E6 /* Build configuration list for PBXProject "MoneyBalance" */ = {
			isa = XCConfigurationList;
			buildConfigurations = (
				67B2DC8A2270EE8C001AA2E6 /* Debug */,
				67B2DC8B2270EE8C001AA2E6 /* Release */,
			);
			defaultConfigurationIsVisible = 0;
			defaultConfigurationName = Release;
		};
		67B2DC8C2270EE8C001AA2E6 /* Build configuration list for PBXNativeTarget "MoneyBalance" */ = {
			isa = XCConfigurationList;
			buildConfigurations = (
				67B2DC8D2270EE8C001AA2E6 /* Debug */,
				67B2DC8E2270EE8C001AA2E6 /* Release */,
			);
			defaultConfigurationIsVisible = 0;
			defaultConfigurationName = Release;
		};
/* End XCConfigurationList section */

/* Begin XCVersionGroup section */
		67B2DC812270EE8A001AA2E6 /* MoneyBalance.xcdatamodeld */ = {
			isa = XCVersionGroup;
			children = (
				67B2DC822270EE8A001AA2E6 /* MoneyBalance.xcdatamodel */,
			);
			currentVersion = 67B2DC822270EE8A001AA2E6 /* MoneyBalance.xcdatamodel */;
			path = MoneyBalance.xcdatamodeld;
			sourceTree = "<group>";
			versionGroupType = wrapper.xcdatamodel;
		};
/* End XCVersionGroup section */
	};
	rootObject = 67B2DC6F2270EE8A001AA2E6 /* Project object */;
}
